
Microsoft Visual Studio Solution File, Format Version 12.00
# Visual Studio Version 17
VisualStudioVersion = 17.9.34701.34
MinimumVisualStudioVersion = 10.0.40219.1
Project("{FAE04EC0-301F-11D3-BF4B-00C04F79EFBC}") = "WebSite", "WebSite\WebSite.csproj", "{F2D52B1E-C7F9-4667-8D6C-124190839E73}"
EndProject
Global
	GlobalSection(SolutionConfigurationPlatforms) = preSolution
		Debug|Any CPU = Debug|Any CPU
		Release|Any CPU = Release|Any CPU
	EndGlobalSection
	GlobalSection(ProjectConfigurationPlatforms) = postSolution
		{F2D52B1E-C7F9-4667-8D6C-124190839E73}.Debug|Any CPU.ActiveCfg = Debug|Any CPU
		{F2D52B1E-C7F9-4667-8D6C-124190839E73}.Debug|Any CPU.Build.0 = Debug|Any CPU
		{F2D52B1E-C7F9-4667-8D6C-124190839E73}.Release|Any CPU.ActiveCfg = Release|Any CPU
		{F2D52B1E-C7F9-4667-8D6C-124190839E73}.Release|Any CPU.Build.0 = Release|Any CPU
	EndGlobalSection
	GlobalSection(SolutionProperties) = preSolution
		HideSolutionNode = FALSE
	EndGlobalSection
	GlobalSection(ExtensibilityGlobals) = postSolution
		SolutionGuid = {852EA52E-82BC-4CCD-8BB3-7181C94E3E21}
	EndGlobalSection
EndGlobal
